Microsoft Visual Studio Solution File, Format Version 12.00
# Visual Studio Version 17
VisualStudioVersion = 17.5.2.0
MinimumVisualStudioVersion = 10.0.40219.1
Project("{FAE04EC0-301F-11D3-BF4B-00C04F79EFBC}") = "AttendanceWeb", "AttendanceWeb.csproj", "{5A9E3DB5-A091-B636-9817-81D0EA9BCF8B}"
EndProject
Global
	GlobalSection(SolutionConfigurationPlatforms) = preSolution
		Debug|Any CPU = Debug|Any CPU
		Release|Any CPU = Release|Any CPU
	EndGlobalSection
	GlobalSection(ProjectConfigurationPlatforms) = postSolution
		{5A9E3DB5-A091-B636-9817-81D0EA9BCF8B}.Debug|Any CPU.ActiveCfg = Debug|Any CPU
		{5A9E3DB5-A091-B636-9817-81D0EA9BCF8B}.Debug|Any CPU.Build.0 = Debug|Any CPU
		{5A9E3DB5-A091-B636-9817-81D0EA9BCF8B}.Release|Any CPU.ActiveCfg = Release|Any CPU
		{5A9E3DB5-A091-B636-9817-81D0EA9BCF8B}.Release|Any CPU.Build.0 = Release|Any CPU
	EndGlobalSection
	GlobalSection(SolutionProperties) = preSolution
		HideSolutionNode = FALSE
	EndGlobalSection
	GlobalSection(ExtensibilityGlobals) = postSolution
		SolutionGuid = {8A1B5997-5706-4E05-A3F5-A12303BFBCFB}
	EndGlobalSection
EndGlobal
